dependencies:
- name: mariadb
  repository: https://charts.bitnami.com/bitnami
  version: 18.0.5
- name: postgresql
  repository: https://charts.bitnami.com/bitnami
  version: 12.0.0
- name: cronjob
  repository: file://charts/backup-cronjob
  version: 0.1.0
digest: sha256:569a88362adabfdccaf2a5e89671519b6e2c86f18a2910d540dbf114789b9600
generated: "2024-06-12T12:23:22.338709356Z"
