dependencies:
- name: mariadb
  repository: https://charts.bitnami.com/bitnami
  version: 18.2.2
- name: postgresql
  repository: https://charts.bitnami.com/bitnami
  version: 12.0.0
- name: cronjob
  repository: file://charts/backup-cronjob
  version: 0.1.0
- name: moodle
  repository: https://charts.bitnami.com/bitnami
  version: 14.3.2
digest: sha256:39f03fe7b2eb2e1630c1972df7e3c4022848be7f0fe6b0c681f548ba2974aba3
generated: "2024-06-14T12:01:38.609703232Z"
